{
  "projects": [
    {
      "projectId": "seaQhLVS4bbjiGvJJrRwyL",
      "version": "15.0.3",
      "dependencies": {},
      "lang": "ts",
      "fileLocks": [
        {
          "assetId": "seaQhLVS4bbjiGvJJrRwyL",
          "type": "projectCss",
          "checksum": "dc88471beadb978e51eb3ceb75d10fdb"
        }
      ]
    },
    {
      "projectId": "fTpp9TdskcrT9eGBiGnDc",
      "version": "latest",
      "dependencies": {
        "seaQhLVS4bbjiGvJJrRwyL": "15.0.3"
      },
      "lang": "ts",
      "fileLocks": [
        {
          "type": "globalVariant",
          "assetId": "QLVoe6STn7lwP0",
          "checksum": "6b7cb11002710e4af1e9792437e4c8b8"
        },
        {
          "assetId": "fTpp9TdskcrT9eGBiGnDc",
          "type": "projectCss",
          "checksum": "fa182c76f4676d4f51707574441abe5f"
        },
        {
          "type": "renderModule",
          "assetId": "JoHaT6KaHPH_j",
          "checksum": "98d0840de7d1d5b205029fe9cbfecf7e"
        },
        {
          "type": "cssRules",
          "assetId": "JoHaT6KaHPH_j",
          "checksum": "98d0840de7d1d5b205029fe9cbfecf7e"
        },
        {
          "type": "renderModule",
          "assetId": "wxWKHgOf5F3qK",
          "checksum": "e59968d6587c1ea9887b6feecbbc82ce"
        },
        {
          "type": "cssRules",
          "assetId": "wxWKHgOf5F3qK",
          "checksum": "e59968d6587c1ea9887b6feecbbc82ce"
        },
        {
          "type": "renderModule",
          "assetId": "RCa2XrCsBn6HJ",
          "checksum": "54561728453a522d2775cf240e3f8d95"
        },
        {
          "type": "cssRules",
          "assetId": "RCa2XrCsBn6HJ",
          "checksum": "54561728453a522d2775cf240e3f8d95"
        },
        {
          "type": "renderModule",
          "assetId": "2oesenLSWetR9",
          "checksum": "b92ea31740cac92779297f7b66c0d150"
        },
        {
          "type": "cssRules",
          "assetId": "2oesenLSWetR9",
          "checksum": "b92ea31740cac92779297f7b66c0d150"
        },
        {
          "type": "renderModule",
          "assetId": "hAnHdjtr8Gxxo",
          "checksum": "0f7ada31e5ad05e7697922323476e2f3"
        },
        {
          "type": "cssRules",
          "assetId": "hAnHdjtr8Gxxo",
          "checksum": "0f7ada31e5ad05e7697922323476e2f3"
        },
        {
          "type": "renderModule",
          "assetId": "-O_66Gel_IqdL",
          "checksum": "3f71567a5785db5a3ab30d0f29df9d9e"
        },
        {
          "type": "cssRules",
          "assetId": "-O_66Gel_IqdL",
          "checksum": "3f71567a5785db5a3ab30d0f29df9d9e"
        },
        {
          "type": "renderModule",
          "assetId": "bGSVZqktHxrWe",
          "checksum": "17975f82bc9e299261f564945773d6cf"
        },
        {
          "type": "cssRules",
          "assetId": "bGSVZqktHxrWe",
          "checksum": "17975f82bc9e299261f564945773d6cf"
        },
        {
          "type": "renderModule",
          "assetId": "FbOBEQJq7Ab7Q",
          "checksum": "83b1ac1b78a6a2ffc32dc910ee896a1c"
        },
        {
          "type": "cssRules",
          "assetId": "FbOBEQJq7Ab7Q",
          "checksum": "83b1ac1b78a6a2ffc32dc910ee896a1c"
        },
        {
          "type": "renderModule",
          "assetId": "kVv93zUcO4Zxt",
          "checksum": "865e2ae513923d3f64215d6f35860725"
        },
        {
          "type": "cssRules",
          "assetId": "kVv93zUcO4Zxt",
          "checksum": "865e2ae513923d3f64215d6f35860725"
        },
        {
          "type": "renderModule",
          "assetId": "f6z5GiSCYY7TRX",
          "checksum": "bc91bd4825e857d071c654864311d142"
        },
        {
          "type": "cssRules",
          "assetId": "f6z5GiSCYY7TRX",
          "checksum": "bc91bd4825e857d071c654864311d142"
        },
        {
          "type": "renderModule",
          "assetId": "J7tfLDvuopcN3Z",
          "checksum": "0fc2acce0f9f26415c0a3d1db193bbf3"
        },
        {
          "type": "cssRules",
          "assetId": "J7tfLDvuopcN3Z",
          "checksum": "0fc2acce0f9f26415c0a3d1db193bbf3"
        },
        {
          "type": "renderModule",
          "assetId": "D274Y4vpad4V9l",
          "checksum": "25ec83bea1410b89a348cc3f85c2553c"
        },
        {
          "type": "cssRules",
          "assetId": "D274Y4vpad4V9l",
          "checksum": "25ec83bea1410b89a348cc3f85c2553c"
        },
        {
          "type": "renderModule",
          "assetId": "JWxCnuY5P_Vjpc",
          "checksum": "a768624157fce2e98896388decf582ff"
        },
        {
          "type": "cssRules",
          "assetId": "JWxCnuY5P_Vjpc",
          "checksum": "a768624157fce2e98896388decf582ff"
        },
        {
          "type": "renderModule",
          "assetId": "3zhCG-MdjA3_jv",
          "checksum": "bba01105f4c903993b77510ccfc6625f"
        },
        {
          "type": "cssRules",
          "assetId": "3zhCG-MdjA3_jv",
          "checksum": "bba01105f4c903993b77510ccfc6625f"
        },
        {
          "type": "renderModule",
          "assetId": "l9JMVsgGRe_rbO",
          "checksum": "6812bf80a56fa57aaee6ac761a61948d"
        },
        {
          "type": "cssRules",
          "assetId": "l9JMVsgGRe_rbO",
          "checksum": "6812bf80a56fa57aaee6ac761a61948d"
        },
        {
          "type": "renderModule",
          "assetId": "CuLhPqG6Q_TT8T",
          "checksum": "d1a6b19734960d1c64a7cbd364432223"
        },
        {
          "type": "cssRules",
          "assetId": "CuLhPqG6Q_TT8T",
          "checksum": "d1a6b19734960d1c64a7cbd364432223"
        },
        {
          "type": "renderModule",
          "assetId": "bAQUxJTdFiD3Q0",
          "checksum": "97de14c262a78c50507de7f46ae742b9"
        },
        {
          "type": "cssRules",
          "assetId": "bAQUxJTdFiD3Q0",
          "checksum": "97de14c262a78c50507de7f46ae742b9"
        },
        {
          "type": "icon",
          "assetId": "jckVWeshynk0e3",
          "checksum": "3bf44f743a391d56a669dc9a55ce446b"
        },
        {
          "type": "icon",
          "assetId": "uYizfuIxOFDHFg",
          "checksum": "1cfa967f41a352068f5baaa958fdabc1"
        },
        {
          "type": "icon",
          "assetId": "-t8i0BuCS7t_yx",
          "checksum": "6127d6920ce8b41b8da5d6b7ffadbc3e"
        },
        {
          "type": "icon",
          "assetId": "os6c6_U6NSt9IS",
          "checksum": "64f7642c414349bdc8ab3594225fd080"
        },
        {
          "type": "icon",
          "assetId": "45ZeDB9CczM-f9",
          "checksum": "0b410b21f3f63179a720606b27eef915"
        },
        {
          "type": "icon",
          "assetId": "3vsTZC9jt4ivBn",
          "checksum": "00dcbd069631abb6aef6a82e9e8a46cc"
        },
        {
          "type": "icon",
          "assetId": "mrXww2zSkcVBZU",
          "checksum": "659f13bcfd8ced05c115211a91e1c5d7"
        },
        {
          "type": "icon",
          "assetId": "CCuoWAAW1vKEx3",
          "checksum": "fca77f357538ce948da45fa09d7b1a36"
        },
        {
          "type": "icon",
          "assetId": "_Sp2NSRqICi5-i",
          "checksum": "14fae4cf510d4cf6a633e89e30a90e17"
        },
        {
          "type": "icon",
          "assetId": "M6BZakpzQonAwX",
          "checksum": "01d070e0fc55f5795064b05a88692c3f"
        },
        {
          "type": "icon",
          "assetId": "KztyDNjP4Wubk4",
          "checksum": "dbd58433f4e445660a5fce2e75f6a6fd"
        },
        {
          "type": "icon",
          "assetId": "nEvIqimGhILyAG",
          "checksum": "edda8620d333347607bdcde5ebca1822"
        },
        {
          "type": "icon",
          "assetId": "9kJhnEji9G2vYL",
          "checksum": "2ff9d446536ab808e3c0c07922ad67c2"
        },
        {
          "type": "icon",
          "assetId": "pDlRk5xw8z5ggA",
          "checksum": "203cf10c6882b6e16e688e8427af8374"
        },
        {
          "type": "icon",
          "assetId": "kZgkMFGAS3zq_Q",
          "checksum": "998b1c3b941bcda82c7ac7f84ee08eb6"
        },
        {
          "type": "icon",
          "assetId": "tg7wTUSf6XB-Of",
          "checksum": "4627ee758c021db257600096b1c2c741"
        },
        {
          "type": "icon",
          "assetId": "DZfe6BsWUP7ZMi",
          "checksum": "879340e3464c85ef5bebf78e25cc8d68"
        },
        {
          "type": "icon",
          "assetId": "xtUVg-yD1STJiZ",
          "checksum": "1e7e28a1b6f9419041b5da1594a1e8e1"
        },
        {
          "type": "icon",
          "assetId": "Z_nzNJPsBnCkgQ",
          "checksum": "226fbb1f2e1d8629d8916218d99ed5a2"
        },
        {
          "type": "image",
          "assetId": "880Sg19PUCxEHc",
          "checksum": "994b98ddb05eeec94bc0cc17af317536"
        },
        {
          "type": "image",
          "assetId": "qI0D2qDCXIq9RP",
          "checksum": "1cd6d256a5d597bdec98804a1923bc40"
        },
        {
          "type": "image",
          "assetId": "plBCJPx-L_gQlA",
          "checksum": "e486346c516903525486138462c5c4de"
        },
        {
          "type": "image",
          "assetId": "nI9wvM26gonCJ-",
          "checksum": "dc4761adc0a6c136da805250d6129cda"
        }
      ]
    }
  ],
  "cliVersion": "0.1.145"
}
